
Microsoft Visual Studio Solution File, Format Version 12.00
# Visual Studio 2015
Project("{FAE04EC0-301F-11D3-BF4B-00C04F79EFBC}") = "rollRPG.Plugins", "rollRPG.Plugins.csproj", "{32579E34-481E-3538-6524-57F9E37B7F81}"
EndProject
Project("{FAE04EC0-301F-11D3-BF4B-00C04F79EFBC}") = "rollRPG", "rollRPG.csproj", "{401DE279-6708-C674-59AA-B1AEA2C91AFB}"
EndProject
Project("{FAE04EC0-301F-11D3-BF4B-00C04F79EFBC}") = "rollRPG.Editor.Plugins", "rollRPG.Editor.Plugins.csproj", "{375025CB-86D5-7CD7-6741-AF4C98D6F891}"
EndProject
Global
	GlobalSection(SolutionConfigurationPlatforms) = preSolution
		Debug|Any CPU = Debug|Any CPU
		Release|Any CPU = Release|Any CPU
	EndGlobalSection
	GlobalSection(ProjectConfigurationPlatforms) = postSolution
		{32579E34-481E-3538-6524-57F9E37B7F81}.Debug|Any CPU.ActiveCfg = Debug|Any CPU
		{32579E34-481E-3538-6524-57F9E37B7F81}.Debug|Any CPU.Build.0 = Debug|Any CPU
		{32579E34-481E-3538-6524-57F9E37B7F81}.Release|Any CPU.ActiveCfg = Release|Any CPU
		{32579E34-481E-3538-6524-57F9E37B7F81}.Release|Any CPU.Build.0 = Release|Any CPU
		{401DE279-6708-C674-59AA-B1AEA2C91AFB}.Debug|Any CPU.ActiveCfg = Debug|Any CPU
		{401DE279-6708-C674-59AA-B1AEA2C91AFB}.Debug|Any CPU.Build.0 = Debug|Any CPU
		{401DE279-6708-C674-59AA-B1AEA2C91AFB}.Release|Any CPU.ActiveCfg = Release|Any CPU
		{401DE279-6708-C674-59AA-B1AEA2C91AFB}.Release|Any CPU.Build.0 = Release|Any CPU
		{375025CB-86D5-7CD7-6741-AF4C98D6F891}.Debug|Any CPU.ActiveCfg = Debug|Any CPU
		{375025CB-86D5-7CD7-6741-AF4C98D6F891}.Debug|Any CPU.Build.0 = Debug|Any CPU
		{375025CB-86D5-7CD7-6741-AF4C98D6F891}.Release|Any CPU.ActiveCfg = Release|Any CPU
		{375025CB-86D5-7CD7-6741-AF4C98D6F891}.Release|Any CPU.Build.0 = Release|Any CPU
	EndGlobalSection
	GlobalSection(SolutionProperties) = preSolution
		HideSolutionNode = FALSE
	EndGlobalSection
EndGlobal
